// !$*UTF8*$!
{
	archiveVersion = 1;
	classes = {
	};
	objectVersion = 50;
	objects = {

/* Begin PBXBuildFile section */
		0E7273AD251DDC440054472C /* sipposowasowa.gif in Resources */ = {isa = PBXBuildFile; fileRef = 0E7273AC251DDC440054472C /* sipposowasowa.gif */; };
		0E7273AF251DDCA30054472C /* nobinobicat.png in Resources */ = {isa = PBXBuildFile; fileRef = 0E7273AE251DDCA30054472C /* nobinobicat.png */; };
		0E921FDD251DBD690029AC3E /* AppDelegate.swift in Sources */ = {isa = PBXBuildFile; fileRef = 0E921FDC251DBD690029AC3E /* AppDelegate.swift */; };
		0E921FDF251DBD690029AC3E /* ContentView.swift in Sources */ = {isa = PBXBuildFile; fileRef = 0E921FDE251DBD690029AC3E /* ContentView.swift */; };
		0E921FE1251DBD6C0029AC3E /* Assets.xcassets in Resources */ = {isa = PBXBuildFile; fileRef = 0E921FE0251DBD6C0029AC3E /* Assets.xcassets */; };
		0E921FE4251DBD6C0029AC3E /* Preview Assets.xcassets in Resources */ = {isa = PBXBuildFile; fileRef = 0E921FE3251DBD6C0029AC3E /* Preview Assets.xcassets */; };
		0E921FE7251DBD6C0029AC3E /* Main.storyboard in Resources */ = {isa = PBXBuildFile; fileRef = 0E921FE5251DBD6C0029AC3E /* Main.storyboard */; };
/* End PBXBuildFile section */

/* Begin PBXFileReference section */
		0E7273AC251DDC440054472C /* sipposowasowa.gif */ = {isa = PBXFileReference; lastKnownFileType = image.gif; name = sipposowasowa.gif; path = "../../../../20200902_休憩を促す猫の絵/sipposowasowa.gif"; sourceTree = "<group>"; };
		0E7273AE251DDCA30054472C /* nobinobicat.png */ = {isa = PBXFileReference; lastKnownFileType = image.png; name = nobinobicat.png; path = "../../../../20200902_休憩を促す猫の絵/nobinobicat.png"; sourceTree = "<group>"; };
		0E921FD9251DBD690029AC3E /* cat-urging-a-break-for-mac.app */ = {isa = PBXFileReference; explicitFileType = wrapper.application; includeInIndex = 0; path = "cat-urging-a-break-for-mac.app"; sourceTree = BUILT_PRODUCTS_DIR; };
		0E921FDC251DBD690029AC3E /* AppDelegate.swift */ = {isa = PBXFileReference; lastKnownFileType = sourcecode.swift; path = AppDelegate.swift; sourceTree = "<group>"; };
		0E921FDE251DBD690029AC3E /* ContentView.swift */ = {isa = PBXFileReference; lastKnownFileType = sourcecode.swift; path = ContentView.swift; sourceTree = "<group>"; };
		0E921FE0251DBD6C0029AC3E /* Assets.xcassets */ = {isa = PBXFileReference; lastKnownFileType = folder.assetcatalog; path = Assets.xcassets; sourceTree = "<group>"; };
		0E921FE3251DBD6C0029AC3E /* Preview Assets.xcassets */ = {isa = PBXFileReference; lastKnownFileType = folder.assetcatalog; path = "Preview Assets.xcassets"; sourceTree = "<group>"; };
		0E921FE6251DBD6C0029AC3E /* Base */ = {isa = PBXFileReference; lastKnownFileType = file.storyboard; name = Base; path = Base.lproj/Main.storyboard; sourceTree = "<group>"; };
		0E921FE8251DBD6C0029AC3E /* Info.plist */ = {isa = PBXFileReference; lastKnownFileType = text.plist.xml; path = Info.plist; sourceTree = "<group>"; };
		0E921FE9251DBD6C0029AC3E /* cat_urging_a_break_for_mac.entitlements */ = {isa = PBXFileReference; lastKnownFileType = text.plist.entitlements; path = cat_urging_a_break_for_mac.entitlements; sourceTree = "<group>"; };
/* End PBXFileReference section */

/* Begin PBXFrameworksBuildPhase section */
		0E921FD6251DBD690029AC3E /* Frameworks */ = {
			isa = PBXFrameworksBuildPhase;
			buildActionMask = 2147483647;
			files = (
			);
			runOnlyForDeploymentPostprocessing = 0;
		};
/* End PBXFrameworksBuildPhase section */

/* Begin PBXGroup section */
		0E921FD0251DBD690029AC3E = {
			isa = PBXGroup;
			children = (
				0E921FDB251DBD690029AC3E /* cat-urging-a-break-for-mac */,
				0E921FDA251DBD690029AC3E /* Products */,
			);
			sourceTree = "<group>";
		};
		0E921FDA251DBD690029AC3E /* Products */ = {
			isa = PBXGroup;
			children = (
				0E921FD9251DBD690029AC3E /* cat-urging-a-break-for-mac.app */,
			);
			name = Products;
			sourceTree = "<group>";
		};
		0E921FDB251DBD690029AC3E /* cat-urging-a-break-for-mac */ = {
			isa = PBXGroup;
			children = (
				0E921FDC251DBD690029AC3E /* AppDelegate.swift */,
				0E921FDE251DBD690029AC3E /* ContentView.swift */,
				0E921FE0251DBD6C0029AC3E /* Assets.xcassets */,
				0E921FE5251DBD6C0029AC3E /* Main.storyboard */,
				0E7273AE251DDCA30054472C /* nobinobicat.png */,
				0E7273AC251DDC440054472C /* sipposowasowa.gif */,
				0E921FE8251DBD6C0029AC3E /* Info.plist */,
				0E921FE9251DBD6C0029AC3E /* cat_urging_a_break_for_mac.entitlements */,
				0E921FE2251DBD6C0029AC3E /* Preview Content */,
			);
			path = "cat-urging-a-break-for-mac";
			sourceTree = "<group>";
		};
		0E921FE2251DBD6C0029AC3E /* Preview Content */ = {
			isa = PBXGroup;
			children = (
				0E921FE3251DBD6C0029AC3E /* Preview Assets.xcassets */,
			);
			path = "Preview Content";
			sourceTree = "<group>";
		};
/* End PBXGroup section */

/* Begin PBXNativeTarget section */
		0E921FD8251DBD690029AC3E /* cat-urging-a-break-for-mac */ = {
			isa = PBXNativeTarget;
			buildConfigurationList = 0E921FEC251DBD6C0029AC3E /* Build configuration list for PBXNativeTarget "cat-urging-a-break-for-mac" */;
			buildPhases = (
				0E921FD5251DBD690029AC3E /* Sources */,
				0E921FD6251DBD690029AC3E /* Frameworks */,
				0E921FD7251DBD690029AC3E /* Resources */,
			);
			buildRules = (
			);
			dependencies = (
			);
			name = "cat-urging-a-break-for-mac";
			productName = "cat-urging-a-break-for-mac";
			productReference = 0E921FD9251DBD690029AC3E /* cat-urging-a-break-for-mac.app */;
			productType = "com.apple.product-type.application";
		};
/* End PBXNativeTarget section */

/* Begin PBXProject section */
		0E921FD1251DBD690029AC3E /* Project object */ = {
			isa = PBXProject;
			attributes = {
				LastSwiftUpdateCheck = 1170;
				LastUpgradeCheck = 1200;
				ORGANIZATIONNAME = hanamizuki;
				TargetAttributes = {
					0E921FD8251DBD690029AC3E = {
						CreatedOnToolsVersion = 11.7;
					};
				};
			};
			buildConfigurationList = 0E921FD4251DBD690029AC3E /* Build configuration list for PBXProject "cat-urging-a-break-for-mac" */;
			compatibilityVersion = "Xcode 9.3";
			developmentRegion = en;
			hasScannedForEncodings = 0;
			knownRegions = (
				en,
				Base,
			);
			mainGroup = 0E921FD0251DBD690029AC3E;
			productRefGroup = 0E921FDA251DBD690029AC3E /* Products */;
			projectDirPath = "";
			projectRoot = "";
			targets = (
				0E921FD8251DBD690029AC3E /* cat-urging-a-break-for-mac */,
			);
		};
/* End PBXProject section */

/* Begin PBXResourcesBuildPhase section */
		0E921FD7251DBD690029AC3E /* Resources */ = {
			isa = PBXResourcesBuildPhase;
			buildActionMask = 2147483647;
			files = (
				0E7273AD251DDC440054472C /* sipposowasowa.gif in Resources */,
				0E921FE7251DBD6C0029AC3E /* Main.storyboard in Resources */,
				0E921FE4251DBD6C0029AC3E /* Preview Assets.xcassets in Resources */,
				0E7273AF251DDCA30054472C /* nobinobicat.png in Resources */,
				0E921FE1251DBD6C0029AC3E /* Assets.xcassets in Resources */,
			);
			runOnlyForDeploymentPostprocessing = 0;
		};
/* End PBXResourcesBuildPhase section */

/* Begin PBXSourcesBuildPhase section */
		0E921FD5251DBD690029AC3E /* Sources */ = {
			isa = PBXSourcesBuildPhase;
			buildActionMask = 2147483647;
			files = (
				0E921FDF251DBD690029AC3E /* ContentView.swift in Sources */,
				0E921FDD251DBD690029AC3E /* AppDelegate.swift in Sources */,
			);
			runOnlyForDeploymentPostprocessing = 0;
		};
/* End PBXSourcesBuildPhase section */

/* Begin PBXVariantGroup section */
		0E921FE5251DBD6C0029AC3E /* Main.storyboard */ = {
			isa = PBXVariantGroup;
			children = (
				0E921FE6251DBD6C0029AC3E /* Base */,
			);
			name = Main.storyboard;
			sourceTree = "<group>";
		};
/* End PBXVariantGroup section */

/* Begin XCBuildConfiguration section */
		0E921FEA251DBD6C0029AC3E /* Debug */ = {
			isa = XCBuildConfiguration;
			buildSettings = {
				ALWAYS_SEARCH_USER_PATHS = NO;
				CLANG_ANALYZER_NONNULL = YES;
				CLANG_ANALYZER_NUMBER_OBJECT_CONVERSION = YES_AGGRESSIVE;
				CLANG_CXX_LANGUAGE_STANDARD = "gnu++14";
				CLANG_CXX_LIBRARY = "libc++";
				CLANG_ENABLE_MODULES = YES;
				CLANG_ENABLE_OBJC_ARC = YES;
				CLANG_ENABLE_OBJC_WEAK = YES;
				CLANG_WARN_BLOCK_CAPTURE_AUTORELEASING = YES;
				CLANG_WARN_BOOL_CONVERSION = YES;
				CLANG_WARN_COMMA = YES;
				CLANG_WARN_CONSTANT_CONVERSION = YES;
				CLANG_WARN_DEPRECATED_OBJC_IMPLEMENTATIONS = YES;
				CLANG_WARN_DIRECT_OBJC_ISA_USAGE = YES_ERROR;
				CLANG_WARN_DOCUMENTATION_COMMENTS = YES;
				CLANG_WARN_EMPTY_BODY = YES;
				CLANG_WARN_ENUM_CONVERSION = YES;
				CLANG_WARN_INFINITE_RECURSION = YES;
				CLANG_WARN_INT_CONVERSION = YES;
				CLANG_WARN_NON_LITERAL_NULL_CONVERSION = YES;
				CLANG_WARN_OBJC_IMPLICIT_RETAIN_SELF = YES;
				CLANG_WARN_OBJC_LITERAL_CONVERSION = YES;
				CLANG_WARN_OBJC_ROOT_CLASS = YES_ERROR;
				CLANG_WARN_QUOTED_INCLUDE_IN_FRAMEWORK_HEADER = YES;
				CLANG_WARN_RANGE_LOOP_ANALYSIS = YES;
				CLANG_WARN_STRICT_PROTOTYPES = YES;
				CLANG_WARN_SUSPICIOUS_MOVE = YES;
				CLANG_WARN_UNGUARDED_AVAILABILITY = YES_AGGRESSIVE;
				CLANG_WARN_UNREACHABLE_CODE = YES;
				CLANG_WARN__DUPLICATE_METHOD_MATCH = YES;
				COPY_PHASE_STRIP = NO;
				DEBUG_INFORMATION_FORMAT = dwarf;
				ENABLE_STRICT_OBJC_MSGSEND = YES;
				ENABLE_TESTABILITY = YES;
				GCC_C_LANGUAGE_STANDARD = gnu11;
				GCC_DYNAMIC_NO_PIC = NO;
				GCC_NO_COMMON_BLOCKS = YES;
				GCC_OPTIMIZATION_LEVEL = 0;
				GCC_PREPROCESSOR_DEFINITIONS = (
					"DEBUG=1",
					"$(inherited)",
				);
				GCC_WARN_64_TO_32_BIT_CONVERSION = YES;
				GCC_WARN_ABOUT_RETURN_TYPE = YES_ERROR;
				GCC_WARN_UNDECLARED_SELECTOR = YES;
				GCC_WARN_UNINITIALIZED_AUTOS = YES_AGGRESSIVE;
				GCC_WARN_UNUSED_FUNCTION = YES;
				GCC_WARN_UNUSED_VARIABLE = YES;
				MACOSX_DEPLOYMENT_TARGET = 10.15;
				MTL_ENABLE_DEBUG_INFO = INCLUDE_SOURCE;
				MTL_FAST_MATH = YES;
				ONLY_ACTIVE_ARCH = YES;
				SDKROOT = macosx;
				SWIFT_ACTIVE_COMPILATION_CONDITIONS = DEBUG;
				SWIFT_OPTIMIZATION_LEVEL = "-Onone";
			};
			name = Debug;
		};
		0E921FEB251DBD6C0029AC3E /* Release */ = {
			isa = XCBuildConfiguration;
			buildSettings = {
				ALWAYS_SEARCH_USER_PATHS = NO;
				CLANG_ANALYZER_NONNULL = YES;
				CLANG_ANALYZER_NUMBER_OBJECT_CONVERSION = YES_AGGRESSIVE;
				CLANG_CXX_LANGUAGE_STANDARD = "gnu++14";
				CLANG_CXX_LIBRARY = "libc++";
				CLANG_ENABLE_MODULES = YES;
				CLANG_ENABLE_OBJC_ARC = YES;
				CLANG_ENABLE_OBJC_WEAK = YES;
				CLANG_WARN_BLOCK_CAPTURE_AUTORELEASING = YES;
				CLANG_WARN_BOOL_CONVERSION = YES;
				CLANG_WARN_COMMA = YES;
				CLANG_WARN_CONSTANT_CONVERSION = YES;
				CLANG_WARN_DEPRECATED_OBJC_IMPLEMENTATIONS = YES;
				CLANG_WARN_DIRECT_OBJC_ISA_USAGE = YES_ERROR;
				CLANG_WARN_DOCUMENTATION_COMMENTS = YES;
				CLANG_WARN_EMPTY_BODY = YES;
				CLANG_WARN_ENUM_CONVERSION = YES;
				CLANG_WARN_INFINITE_RECURSION = YES;
				CLANG_WARN_INT_CONVERSION = YES;
				CLANG_WARN_NON_LITERAL_NULL_CONVERSION = YES;
				CLANG_WARN_OBJC_IMPLICIT_RETAIN_SELF = YES;
				CLANG_WARN_OBJC_LITERAL_CONVERSION = YES;
				CLANG_WARN_OBJC_ROOT_CLASS = YES_ERROR;
				CLANG_WARN_QUOTED_INCLUDE_IN_FRAMEWORK_HEADER = YES;
				CLANG_WARN_RANGE_LOOP_ANALYSIS = YES;
				CLANG_WARN_STRICT_PROTOTYPES = YES;
				CLANG_WARN_SUSPICIOUS_MOVE = YES;
				CLANG_WARN_UNGUARDED_AVAILABILITY = YES_AGGRESSIVE;
				CLANG_WARN_UNREACHABLE_CODE = YES;
				CLANG_WARN__DUPLICATE_METHOD_MATCH = YES;
				COPY_PHASE_STRIP = NO;
				DEBUG_INFORMATION_FORMAT = "dwarf-with-dsym";
				ENABLE_NS_ASSERTIONS = NO;
				ENABLE_STRICT_OBJC_MSGSEND = YES;
				GCC_C_LANGUAGE_STANDARD = gnu11;
				GCC_NO_COMMON_BLOCKS = YES;
				GCC_WARN_64_TO_32_BIT_CONVERSION = YES;
				GCC_WARN_ABOUT_RETURN_TYPE = YES_ERROR;
				GCC_WARN_UNDECLARED_SELECTOR = YES;
				GCC_WARN_UNINITIALIZED_AUTOS = YES_AGGRESSIVE;
				GCC_WARN_UNUSED_FUNCTION = YES;
				GCC_WARN_UNUSED_VARIABLE = YES;
				MACOSX_DEPLOYMENT_TARGET = 10.15;
				MTL_ENABLE_DEBUG_INFO = NO;
				MTL_FAST_MATH = YES;
				SDKROOT = macosx;
				SWIFT_COMPILATION_MODE = wholemodule;
				SWIFT_OPTIMIZATION_LEVEL = "-O";
			};
			name = Release;
		};
		0E921FED251DBD6C0029AC3E /* Debug */ = {
			isa = XCBuildConfiguration;
			buildSettings = {
				ASSETCATALOG_COMPILER_APPICON_NAME = AppIcon;
				CODE_SIGN_ENTITLEMENTS = "cat-urging-a-break-for-mac/cat_urging_a_break_for_mac.entitlements";
				CODE_SIGN_IDENTITY = "-";
				CODE_SIGN_STYLE = Automatic;
				COMBINE_HIDPI_IMAGES = YES;
				DEVELOPMENT_ASSET_PATHS = "\"cat-urging-a-break-for-mac/Preview Content\"";
				ENABLE_PREVIEWS = YES;
				INFOPLIST_FILE = "cat-urging-a-break-for-mac/Info.plist";
				LD_RUNPATH_SEARCH_PATHS = (
					"$(inherited)",
					"@executable_path/../Frameworks",
				);
				MACOSX_DEPLOYMENT_TARGET = 10.15;
				PRODUCT_BUNDLE_IDENTIFIER = "com.hanamizuki.cat-urging-a-break-for-mac";
				PRODUCT_NAME = "$(TARGET_NAME)";
				SWIFT_VERSION = 5.0;
			};
			name = Debug;
		};
		0E921FEE251DBD6C0029AC3E /* Release */ = {
			isa = XCBuildConfiguration;
			buildSettings = {
				ASSETCATALOG_COMPILER_APPICON_NAME = AppIcon;
				CODE_SIGN_ENTITLEMENTS = "cat-urging-a-break-for-mac/cat_urging_a_break_for_mac.entitlements";
				CODE_SIGN_IDENTITY = "-";
				CODE_SIGN_STYLE = Automatic;
				COMBINE_HIDPI_IMAGES = YES;
				DEVELOPMENT_ASSET_PATHS = "\"cat-urging-a-break-for-mac/Preview Content\"";
				ENABLE_PREVIEWS = YES;
				INFOPLIST_FILE = "cat-urging-a-break-for-mac/Info.plist";
				LD_RUNPATH_SEARCH_PATHS = (
					"$(inherited)",
					"@executable_path/../Frameworks",
				);
				MACOSX_DEPLOYMENT_TARGET = 10.15;
				PRODUCT_BUNDLE_IDENTIFIER = "com.hanamizuki.cat-urging-a-break-for-mac";
				PRODUCT_NAME = "$(TARGET_NAME)";
				SWIFT_VERSION = 5.0;
			};
			name = Release;
		};
/* End XCBuildConfiguration section */

/* Begin XCConfigurationList section */
		0E921FD4251DBD690029AC3E /* Build configuration list for PBXProject "cat-urging-a-break-for-mac" */ = {
			isa = XCConfigurationList;
			buildConfigurations = (
				0E921FEA251DBD6C0029AC3E /* Debug */,
				0E921FEB251DBD6C0029AC3E /* Release */,
			);
			defaultConfigurationIsVisible = 0;
			defaultConfigurationName = Release;
		};
		0E921FEC251DBD6C0029AC3E /* Build configuration list for PBXNativeTarget "cat-urging-a-break-for-mac" */ = {
			isa = XCConfigurationList;
			buildConfigurations = (
				0E921FED251DBD6C0029AC3E /* Debug */,
				0E921FEE251DBD6C0029AC3E /* Release */,
			);
			defaultConfigurationIsVisible = 0;
			defaultConfigurationName = Release;
		};
/* End XCConfigurationList section */
	};
	rootObject = 0E921FD1251DBD690029AC3E /* Project object */;
}
